
Microsoft Visual Studio Solution File, Format Version 12.00
# Visual Studio 14
VisualStudioVersion = 14.0.24720.0
MinimumVisualStudioVersion = 10.0.40219.1
Project("{FAE04EC0-301F-11D3-BF4B-00C04F79EFBC}") = "Persons Serializer", "Persons Serializer\Persons Serializer.csproj", "{B0C22BA4-2C0D-4EE2-B218-67A94C386E11}"
EndProject
Project("{FAE04EC0-301F-11D3-BF4B-00C04F79EFBC}") = "PersonCreator", "PersonCreator\PersonCreator.csproj", "{8D80EB97-025C-46AD-933C-3E38EB0C5163}"
EndProject
Global
	GlobalSection(SolutionConfigurationPlatforms) = preSolution
		Debug|Any CPU = Debug|Any CPU
		Release|Any CPU = Release|Any CPU
	EndGlobalSection
	GlobalSection(ProjectConfigurationPlatforms) = postSolution
		{B0C22BA4-2C0D-4EE2-B218-67A94C386E11}.Debug|Any CPU.ActiveCfg = Debug|Any CPU
		{B0C22BA4-2C0D-4EE2-B218-67A94C386E11}.Debug|Any CPU.Build.0 = Debug|Any CPU
		{B0C22BA4-2C0D-4EE2-B218-67A94C386E11}.Release|Any CPU.ActiveCfg = Release|Any CPU
		{B0C22BA4-2C0D-4EE2-B218-67A94C386E11}.Release|Any CPU.Build.0 = Release|Any CPU
		{8D80EB97-025C-46AD-933C-3E38EB0C5163}.Debug|Any CPU.ActiveCfg = Debug|Any CPU
		{8D80EB97-025C-46AD-933C-3E38EB0C5163}.Debug|Any CPU.Build.0 = Debug|Any CPU
		{8D80EB97-025C-46AD-933C-3E38EB0C5163}.Release|Any CPU.ActiveCfg = Release|Any CPU
		{8D80EB97-025C-46AD-933C-3E38EB0C5163}.Release|Any CPU.Build.0 = Release|Any CPU
	EndGlobalSection
	GlobalSection(SolutionProperties) = preSolution
		HideSolutionNode = FALSE
	EndGlobalSection
EndGlobal
